lockfile_version: '1'
apm_version: 0.32.0
dependencies:
- repo_url: _local/workflow-v4-entrypoint
  name: workflow-v4-entrypoint
  version: 0.1.0
  package_type: apm_package
  source: local
  local_path: /Users/m/Documents/dotfiles/apm-packages/workflow-v4-entrypoint
  target_subset:
  - codex
- repo_url: _local/workflow-v4-runtime
  name: workflow-v4-runtime
  version: 0.1.0
  package_type: apm_package
  deployed_files:
  - .agents/skills/doit
  - .agents/skills/doit/SKILL.md
  - .agents/skills/doit/agents/openai.yaml
  - .agents/skills/done
  - .agents/skills/done/SKILL.md
  - .agents/skills/done/agents/openai.yaml
  - .agents/skills/planner
  - .agents/skills/planner/SKILL.md
  - .agents/skills/planner/agents/openai.yaml
  - .agents/skills/retro
  - .agents/skills/retro/SKILL.md
  - .agents/skills/retro/agents/openai.yaml
  - .agents/skills/workflow-v4-contract
  - .agents/skills/workflow-v4-contract/SKILL.md
  - .agents/skills/workflow-v4-contract/agents/openai.yaml
  - .agents/skills/workflow-v4-contract/references/contract-format.md
  - .claude/skills/doit
  - .claude/skills/doit/SKILL.md
  - .claude/skills/doit/agents/openai.yaml
  - .claude/skills/done
  - .claude/skills/done/SKILL.md
  - .claude/skills/done/agents/openai.yaml
  - .claude/skills/planner
  - .claude/skills/planner/SKILL.md
  - .claude/skills/planner/agents/openai.yaml
  - .claude/skills/retro
  - .claude/skills/retro/SKILL.md
  - .claude/skills/retro/agents/openai.yaml
  - .claude/skills/workflow-v4-contract
  - .claude/skills/workflow-v4-contract/SKILL.md
  - .claude/skills/workflow-v4-contract/agents/openai.yaml
  - .claude/skills/workflow-v4-contract/references/contract-format.md
  deployed_file_hashes:
    .agents/skills/doit/SKILL.md: sha256:c1551c6a902f968e2eff1878fc1363d6fb6b6b23ccecbc2f18e767762d9bf7c9
    .agents/skills/doit/agents/openai.yaml: sha256:1849866cb5dc9fbaf4787290fcd8d81748642c340ce8cda64b7c21aed3847177
    .agents/skills/done/SKILL.md: sha256:3e5712df7dd1becc0a1df2e9e1e97e3a46d6b4c81050e137593140bc476f2e36
    .agents/skills/done/agents/openai.yaml: sha256:84039d5c789e87cccb94d193dc1aae9e5b348978d07d794fcc94f9a26e25853d
    .agents/skills/planner/SKILL.md: sha256:454f7a40879fa952a7521de535f1723859e80d742cf6d9641d7f0e82f1f08f62
    .agents/skills/planner/agents/openai.yaml: sha256:b4d1c0a92f68e8d57ab04ec62216d9ba0a957c809d71db29cf835f0e199c6336
    .agents/skills/retro/SKILL.md: sha256:36a553b3120e541d657703df3807be100487745dfa1341433d66132fe4634faf
    .agents/skills/retro/agents/openai.yaml: sha256:aa51ea1c4211aaa065def9ab50bbe6b9b274feb65a839f4ee6e7778b0f00fb6f
    .agents/skills/workflow-v4-contract/SKILL.md: sha256:ed518c9936be18dd0708f96523f698ab250319a0831d944caa2424bc5f7b7052
    .agents/skills/workflow-v4-contract/agents/openai.yaml: sha256:1c28d78d52fed3248517b73bc86a322a4f2ae81e07f31062ddcbf6808ce0b6fa
    .agents/skills/workflow-v4-contract/references/contract-format.md: sha256:b2e081f64cf41daa9d2590973aa9f604801fddc08cffe13e35fef51aa2c740d4
    .claude/skills/doit/SKILL.md: sha256:c1551c6a902f968e2eff1878fc1363d6fb6b6b23ccecbc2f18e767762d9bf7c9
    .claude/skills/doit/agents/openai.yaml: sha256:1849866cb5dc9fbaf4787290fcd8d81748642c340ce8cda64b7c21aed3847177
    .claude/skills/done/SKILL.md: sha256:3e5712df7dd1becc0a1df2e9e1e97e3a46d6b4c81050e137593140bc476f2e36
    .claude/skills/done/agents/openai.yaml: sha256:84039d5c789e87cccb94d193dc1aae9e5b348978d07d794fcc94f9a26e25853d
    .claude/skills/planner/SKILL.md: sha256:454f7a40879fa952a7521de535f1723859e80d742cf6d9641d7f0e82f1f08f62
    .claude/skills/planner/agents/openai.yaml: sha256:b4d1c0a92f68e8d57ab04ec62216d9ba0a957c809d71db29cf835f0e199c6336
    .claude/skills/retro/SKILL.md: sha256:36a553b3120e541d657703df3807be100487745dfa1341433d66132fe4634faf
    .claude/skills/retro/agents/openai.yaml: sha256:aa51ea1c4211aaa065def9ab50bbe6b9b274feb65a839f4ee6e7778b0f00fb6f
    .claude/skills/workflow-v4-contract/SKILL.md: sha256:ed518c9936be18dd0708f96523f698ab250319a0831d944caa2424bc5f7b7052
    .claude/skills/workflow-v4-contract/agents/openai.yaml: sha256:1c28d78d52fed3248517b73bc86a322a4f2ae81e07f31062ddcbf6808ce0b6fa
    .claude/skills/workflow-v4-contract/references/contract-format.md: sha256:b2e081f64cf41daa9d2590973aa9f604801fddc08cffe13e35fef51aa2c740d4
  source: local
  local_path: /Users/m/Documents/dotfiles/apm-packages/workflow-v4-runtime
deployments:
- kind: project-relative
  target: claude
  value: .claude/skills/doit
  runtime: null
  scope: project
  owners:
  - /Users/m/Documents/dotfiles/apm-packages/workflow-v4-runtime
  active_owner: /Users/m/Documents/dotfiles/apm-packages/workflow-v4-runtime
  content_hash: null
- kind: project-relative
  target: claude
  value: .claude/skills/doit/SKILL.md
  runtime: null
  scope: project
  owners:
  - /Users/m/Documents/dotfiles/apm-packages/workflow-v4-runtime
  active_owner: /Users/m/Documents/dotfiles/apm-packages/workflow-v4-runtime
  content_hash: sha256:c1551c6a902f968e2eff1878fc1363d6fb6b6b23ccecbc2f18e767762d9bf7c9
- kind: project-relative
  target: claude
  value: .claude/skills/doit/agents/openai.yaml
  runtime: null
  scope: project
  owners:
  - /Users/m/Documents/dotfiles/apm-packages/workflow-v4-runtime
  active_owner: /Users/m/Documents/dotfiles/apm-packages/workflow-v4-runtime
  content_hash: sha256:1849866cb5dc9fbaf4787290fcd8d81748642c340ce8cda64b7c21aed3847177
- kind: project-relative
  target: claude
  value: .claude/skills/done
  runtime: null
  scope: project
  owners:
  - /Users/m/Documents/dotfiles/apm-packages/workflow-v4-runtime
  active_owner: /Users/m/Documents/dotfiles/apm-packages/workflow-v4-runtime
  content_hash: null
- kind: project-relative
  target: claude
  value: .claude/skills/done/SKILL.md
  runtime: null
  scope: project
  owners:
  - /Users/m/Documents/dotfiles/apm-packages/workflow-v4-runtime
  active_owner: /Users/m/Documents/dotfiles/apm-packages/workflow-v4-runtime
  content_hash: sha256:3e5712df7dd1becc0a1df2e9e1e97e3a46d6b4c81050e137593140bc476f2e36
- kind: project-relative
  target: claude
  value: .claude/skills/done/agents/openai.yaml
  runtime: null
  scope: project
  owners:
  - /Users/m/Documents/dotfiles/apm-packages/workflow-v4-runtime
  active_owner: /Users/m/Documents/dotfiles/apm-packages/workflow-v4-runtime
  content_hash: sha256:84039d5c789e87cccb94d193dc1aae9e5b348978d07d794fcc94f9a26e25853d
- kind: project-relative
  target: claude
  value: .claude/skills/planner
  runtime: null
  scope: project
  owners:
  - /Users/m/Documents/dotfiles/apm-packages/workflow-v4-runtime
  active_owner: /Users/m/Documents/dotfiles/apm-packages/workflow-v4-runtime
  content_hash: null
- kind: project-relative
  target: claude
  value: .claude/skills/planner/SKILL.md
  runtime: null
  scope: project
  owners:
  - /Users/m/Documents/dotfiles/apm-packages/workflow-v4-runtime
  active_owner: /Users/m/Documents/dotfiles/apm-packages/workflow-v4-runtime
  content_hash: sha256:454f7a40879fa952a7521de535f1723859e80d742cf6d9641d7f0e82f1f08f62
- kind: project-relative
  target: claude
  value: .claude/skills/planner/agents/openai.yaml
  runtime: null
  scope: project
  owners:
  - /Users/m/Documents/dotfiles/apm-packages/workflow-v4-runtime
  active_owner: /Users/m/Documents/dotfiles/apm-packages/workflow-v4-runtime
  content_hash: sha256:b4d1c0a92f68e8d57ab04ec62216d9ba0a957c809d71db29cf835f0e199c6336
- kind: project-relative
  target: claude
  value: .claude/skills/retro
  runtime: null
  scope: project
  owners:
  - /Users/m/Documents/dotfiles/apm-packages/workflow-v4-runtime
  active_owner: /Users/m/Documents/dotfiles/apm-packages/workflow-v4-runtime
  content_hash: null
- kind: project-relative
  target: claude
  value: .claude/skills/retro/SKILL.md
  runtime: null
  scope: project
  owners:
  - /Users/m/Documents/dotfiles/apm-packages/workflow-v4-runtime
  active_owner: /Users/m/Documents/dotfiles/apm-packages/workflow-v4-runtime
  content_hash: sha256:36a553b3120e541d657703df3807be100487745dfa1341433d66132fe4634faf
- kind: project-relative
  target: claude
  value: .claude/skills/retro/agents/openai.yaml
  runtime: null
  scope: project
  owners:
  - /Users/m/Documents/dotfiles/apm-packages/workflow-v4-runtime
  active_owner: /Users/m/Documents/dotfiles/apm-packages/workflow-v4-runtime
  content_hash: sha256:aa51ea1c4211aaa065def9ab50bbe6b9b274feb65a839f4ee6e7778b0f00fb6f
- kind: project-relative
  target: claude
  value: .claude/skills/workflow-v4-contract
  runtime: null
  scope: project
  owners:
  - /Users/m/Documents/dotfiles/apm-packages/workflow-v4-runtime
  active_owner: /Users/m/Documents/dotfiles/apm-packages/workflow-v4-runtime
  content_hash: null
- kind: project-relative
  target: claude
  value: .claude/skills/workflow-v4-contract/SKILL.md
  runtime: null
  scope: project
  owners:
  - /Users/m/Documents/dotfiles/apm-packages/workflow-v4-runtime
  active_owner: /Users/m/Documents/dotfiles/apm-packages/workflow-v4-runtime
  content_hash: sha256:ed518c9936be18dd0708f96523f698ab250319a0831d944caa2424bc5f7b7052
- kind: project-relative
  target: claude
  value: .claude/skills/workflow-v4-contract/agents/openai.yaml
  runtime: null
  scope: project
  owners:
  - /Users/m/Documents/dotfiles/apm-packages/workflow-v4-runtime
  active_owner: /Users/m/Documents/dotfiles/apm-packages/workflow-v4-runtime
  content_hash: sha256:1c28d78d52fed3248517b73bc86a322a4f2ae81e07f31062ddcbf6808ce0b6fa
- kind: project-relative
  target: claude
  value: .claude/skills/workflow-v4-contract/references/contract-format.md
  runtime: null
  scope: project
  owners:
  - /Users/m/Documents/dotfiles/apm-packages/workflow-v4-runtime
  active_owner: /Users/m/Documents/dotfiles/apm-packages/workflow-v4-runtime
  content_hash: sha256:b2e081f64cf41daa9d2590973aa9f604801fddc08cffe13e35fef51aa2c740d4
- kind: project-relative
  target: codex
  value: .agents/skills/doit
  runtime: null
  scope: project
  owners:
  - /Users/m/Documents/dotfiles/apm-packages/workflow-v4-runtime
  active_owner: /Users/m/Documents/dotfiles/apm-packages/workflow-v4-runtime
  content_hash: null
- kind: project-relative
  target: codex
  value: .agents/skills/doit/SKILL.md
  runtime: null
  scope: project
  owners:
  - /Users/m/Documents/dotfiles/apm-packages/workflow-v4-runtime
  active_owner: /Users/m/Documents/dotfiles/apm-packages/workflow-v4-runtime
  content_hash: sha256:c1551c6a902f968e2eff1878fc1363d6fb6b6b23ccecbc2f18e767762d9bf7c9
- kind: project-relative
  target: codex
  value: .agents/skills/doit/agents/openai.yaml
  runtime: null
  scope: project
  owners:
  - /Users/m/Documents/dotfiles/apm-packages/workflow-v4-runtime
  active_owner: /Users/m/Documents/dotfiles/apm-packages/workflow-v4-runtime
  content_hash: sha256:1849866cb5dc9fbaf4787290fcd8d81748642c340ce8cda64b7c21aed3847177
- kind: project-relative
  target: codex
  value: .agents/skills/done
  runtime: null
  scope: project
  owners:
  - /Users/m/Documents/dotfiles/apm-packages/workflow-v4-runtime
  active_owner: /Users/m/Documents/dotfiles/apm-packages/workflow-v4-runtime
  content_hash: null
- kind: project-relative
  target: codex
  value: .agents/skills/done/SKILL.md
  runtime: null
  scope: project
  owners:
  - /Users/m/Documents/dotfiles/apm-packages/workflow-v4-runtime
  active_owner: /Users/m/Documents/dotfiles/apm-packages/workflow-v4-runtime
  content_hash: sha256:3e5712df7dd1becc0a1df2e9e1e97e3a46d6b4c81050e137593140bc476f2e36
- kind: project-relative
  target: codex
  value: .agents/skills/done/agents/openai.yaml
  runtime: null
  scope: project
  owners:
  - /Users/m/Documents/dotfiles/apm-packages/workflow-v4-runtime
  active_owner: /Users/m/Documents/dotfiles/apm-packages/workflow-v4-runtime
  content_hash: sha256:84039d5c789e87cccb94d193dc1aae9e5b348978d07d794fcc94f9a26e25853d
- kind: project-relative
  target: codex
  value: .agents/skills/planner
  runtime: null
  scope: project
  owners:
  - /Users/m/Documents/dotfiles/apm-packages/workflow-v4-runtime
  active_owner: /Users/m/Documents/dotfiles/apm-packages/workflow-v4-runtime
  content_hash: null
- kind: project-relative
  target: codex
  value: .agents/skills/planner/SKILL.md
  runtime: null
  scope: project
  owners:
  - /Users/m/Documents/dotfiles/apm-packages/workflow-v4-runtime
  active_owner: /Users/m/Documents/dotfiles/apm-packages/workflow-v4-runtime
  content_hash: sha256:454f7a40879fa952a7521de535f1723859e80d742cf6d9641d7f0e82f1f08f62
- kind: project-relative
  target: codex
  value: .agents/skills/planner/agents/openai.yaml
  runtime: null
  scope: project
  owners:
  - /Users/m/Documents/dotfiles/apm-packages/workflow-v4-runtime
  active_owner: /Users/m/Documents/dotfiles/apm-packages/workflow-v4-runtime
  content_hash: sha256:b4d1c0a92f68e8d57ab04ec62216d9ba0a957c809d71db29cf835f0e199c6336
- kind: project-relative
  target: codex
  value: .agents/skills/retro
  runtime: null
  scope: project
  owners:
  - /Users/m/Documents/dotfiles/apm-packages/workflow-v4-runtime
  active_owner: /Users/m/Documents/dotfiles/apm-packages/workflow-v4-runtime
  content_hash: null
- kind: project-relative
  target: codex
  value: .agents/skills/retro/SKILL.md
  runtime: null
  scope: project
  owners:
  - /Users/m/Documents/dotfiles/apm-packages/workflow-v4-runtime
  active_owner: /Users/m/Documents/dotfiles/apm-packages/workflow-v4-runtime
  content_hash: sha256:36a553b3120e541d657703df3807be100487745dfa1341433d66132fe4634faf
- kind: project-relative
  target: codex
  value: .agents/skills/retro/agents/openai.yaml
  runtime: null
  scope: project
  owners:
  - /Users/m/Documents/dotfiles/apm-packages/workflow-v4-runtime
  active_owner: /Users/m/Documents/dotfiles/apm-packages/workflow-v4-runtime
  content_hash: sha256:aa51ea1c4211aaa065def9ab50bbe6b9b274feb65a839f4ee6e7778b0f00fb6f
- kind: project-relative
  target: codex
  value: .agents/skills/workflow-v4-contract
  runtime: null
  scope: project
  owners:
  - /Users/m/Documents/dotfiles/apm-packages/workflow-v4-runtime
  active_owner: /Users/m/Documents/dotfiles/apm-packages/workflow-v4-runtime
  content_hash: null
- kind: project-relative
  target: codex
  value: .agents/skills/workflow-v4-contract/SKILL.md
  runtime: null
  scope: project
  owners:
  - /Users/m/Documents/dotfiles/apm-packages/workflow-v4-runtime
  active_owner: /Users/m/Documents/dotfiles/apm-packages/workflow-v4-runtime
  content_hash: sha256:ed518c9936be18dd0708f96523f698ab250319a0831d944caa2424bc5f7b7052
- kind: project-relative
  target: codex
  value: .agents/skills/workflow-v4-contract/agents/openai.yaml
  runtime: null
  scope: project
  owners:
  - /Users/m/Documents/dotfiles/apm-packages/workflow-v4-runtime
  active_owner: /Users/m/Documents/dotfiles/apm-packages/workflow-v4-runtime
  content_hash: sha256:1c28d78d52fed3248517b73bc86a322a4f2ae81e07f31062ddcbf6808ce0b6fa
- kind: project-relative
  target: codex
  value: .agents/skills/workflow-v4-contract/references/contract-format.md
  runtime: null
  scope: project
  owners:
  - /Users/m/Documents/dotfiles/apm-packages/workflow-v4-runtime
  active_owner: /Users/m/Documents/dotfiles/apm-packages/workflow-v4-runtime
  content_hash: sha256:b2e081f64cf41daa9d2590973aa9f604801fddc08cffe13e35fef51aa2c740d4
